
Microsoft Visual Studio Solution File, Format Version 12.00
# Visual Studio Version 16
VisualStudioVersion = 16.0.31005.135
MinimumVisualStudioVersion = 10.0.40219.1
Project("{FAE04EC0-301F-11D3-BF4B-00C04F79EFBC}") = "SagaPatternLibraryComparison.Rebus", "SagaPatternLibraryComparison.Rebus\SagaPatternLibraryComparison.Rebus.csproj", "{F92116B7-0A32-447C-ADBF-803E308E6A8B}"
EndProject
Project("{FAE04EC0-301F-11D3-BF4B-00C04F79EFBC}") = "SagaPatternLibraryComparison.Domain", "SagaPatternLibraryComparison.Domain\SagaPatternLibraryComparison.Domain.csproj", "{D84356B8-0A8B-419A-8329-FA3CCB3C7F58}"
EndProject
Project("{FAE04EC0-301F-11D3-BF4B-00C04F79EFBC}") = "SagaPatternLibraryComparison.Api", "SagaPatternLibraryComparison.Api\SagaPatternLibraryComparison.Api.csproj", "{B7B7CDF1-0CBA-4964-8871-735FED7305AD}"
EndProject
Global
	GlobalSection(SolutionConfigurationPlatforms) = preSolution
		Debug|Any CPU = Debug|Any CPU
		Release|Any CPU = Release|Any CPU
	EndGlobalSection
	GlobalSection(ProjectConfigurationPlatforms) = postSolution
		{F92116B7-0A32-447C-ADBF-803E308E6A8B}.Debug|Any CPU.ActiveCfg = Debug|Any CPU
		{F92116B7-0A32-447C-ADBF-803E308E6A8B}.Debug|Any CPU.Build.0 = Debug|Any CPU
		{F92116B7-0A32-447C-ADBF-803E308E6A8B}.Release|Any CPU.ActiveCfg = Release|Any CPU
		{F92116B7-0A32-447C-ADBF-803E308E6A8B}.Release|Any CPU.Build.0 = Release|Any CPU
		{D84356B8-0A8B-419A-8329-FA3CCB3C7F58}.Debug|Any CPU.ActiveCfg = Debug|Any CPU
		{D84356B8-0A8B-419A-8329-FA3CCB3C7F58}.Debug|Any CPU.Build.0 = Debug|Any CPU
		{D84356B8-0A8B-419A-8329-FA3CCB3C7F58}.Release|Any CPU.ActiveCfg = Release|Any CPU
		{D84356B8-0A8B-419A-8329-FA3CCB3C7F58}.Release|Any CPU.Build.0 = Release|Any CPU
		{B7B7CDF1-0CBA-4964-8871-735FED7305AD}.Debug|Any CPU.ActiveCfg = Debug|Any CPU
		{B7B7CDF1-0CBA-4964-8871-735FED7305AD}.Debug|Any CPU.Build.0 = Debug|Any CPU
		{B7B7CDF1-0CBA-4964-8871-735FED7305AD}.Release|Any CPU.ActiveCfg = Release|Any CPU
		{B7B7CDF1-0CBA-4964-8871-735FED7305AD}.Release|Any CPU.Build.0 = Release|Any CPU
	EndGlobalSection
	GlobalSection(SolutionProperties) = preSolution
		HideSolutionNode = FALSE
	EndGlobalSection
	GlobalSection(ExtensibilityGlobals) = postSolution
		SolutionGuid = {42BFB532-3FE6-491C-AACA-D4E6BC65A310}
	EndGlobalSection
EndGlobal
